// !$*UTF8*$!
{
	archiveVersion = 1;
	classes = {
	};
	objectVersion = 46;
	objects = {

/* Begin PBXFileReference section */
		B4F0433217E5C2D5006276B4 /* DataParser.cpp */ = {isa = PBXFileReference; fileEncoding = 4; lastKnownFileType = sourcecode.cpp.cpp; path = DataParser.cpp; sourceTree = "<group>"; };
		B4F0433317E5C2D5006276B4 /* DataParser.h */ = {isa = PBXFileReference; fileEncoding = 4; lastKnownFileType = sourcecode.c.h; path = DataParser.h; sourceTree = "<group>"; };
		B4F0433417E5C2D5006276B4 /* DataProducer.cpp */ = {isa = PBXFileReference; fileEncoding = 4; lastKnownFileType = sourcecode.cpp.cpp; path = DataProducer.cpp; sourceTree = "<group>"; };
		B4F0433517E5C2D5006276B4 /* DataProducer.h */ = {isa = PBXFileReference; fileEncoding = 4; lastKnownFileType = sourcecode.c.h; path = DataProducer.h; sourceTree = "<group>"; };
		B4F0433617E5C2D5006276B4 /* define.h */ = {isa = PBXFileReference; fileEncoding = 4; lastKnownFileType = sourcecode.c.h; path = define.h; sourceTree = "<group>"; };
		B4F0433717E5C2D5006276B4 /* Delaunay.cpp */ = {isa = PBXFileReference; fileEncoding = 4; lastKnownFileType = sourcecode.cpp.cpp; path = Delaunay.cpp; sourceTree = "<group>"; };
		B4F0433817E5C2D5006276B4 /* Delaunay.h */ = {isa = PBXFileReference; fileEncoding = 4; lastKnownFileType = sourcecode.c.h; path = Delaunay.h; sourceTree = "<group>"; };
		B4F0433917E5C2D5006276B4 /* Face.cpp */ = {isa = PBXFileReference; fileEncoding = 4; lastKnownFileType = sourcecode.cpp.cpp; path = Face.cpp; sourceTree = "<group>"; };
		B4F0433A17E5C2D5006276B4 /* Face.h */ = {isa = PBXFileReference; fileEncoding = 4; lastKnownFileType = sourcecode.c.h; path = Face.h; sourceTree = "<group>"; };
		B4F0433B17E5C2D5006276B4 /* main.cpp */ = {isa = PBXFileReference; fileEncoding = 4; lastKnownFileType = sourcecode.cpp.cpp; path = main.cpp; sourceTree = "<group>"; };
		B4F0433C17E5C2D5006276B4 /* Point.cpp */ = {isa = PBXFileReference; fileEncoding = 4; lastKnownFileType = sourcecode.cpp.cpp; path = Point.cpp; sourceTree = "<group>"; };
		B4F0433D17E5C2D5006276B4 /* Point.h */ = {isa = PBXFileReference; fileEncoding = 4; lastKnownFileType = sourcecode.c.h; path = Point.h; sourceTree = "<group>"; };
		B4F0433E17E5C2D5006276B4 /* Simplex.cpp */ = {isa = PBXFileReference; fileEncoding = 4; lastKnownFileType = sourcecode.cpp.cpp; path = Simplex.cpp; sourceTree = "<group>"; };
		B4F0433F17E5C2D5006276B4 /* Simplex.h */ = {isa = PBXFileReference; fileEncoding = 4; lastKnownFileType = sourcecode.c.h; path = Simplex.h; sourceTree = "<group>"; };
		B4F0434017E5C2D5006276B4 /* util.cpp */ = {isa = PBXFileReference; fileEncoding = 4; lastKnownFileType = sourcecode.cpp.cpp; path = util.cpp; sourceTree = "<group>"; };
		B4F0434117E5C2D5006276B4 /* util.h */ = {isa = PBXFileReference; fileEncoding = 4; lastKnownFileType = sourcecode.c.h; path = util.h; sourceTree = "<group>"; };
		B4F0434217E5C301006276B4 /* makefile */ = {isa = PBXFileReference; fileEncoding = 4; lastKnownFileType = sourcecode.make; path = makefile; sourceTree = "<group>"; usesTabs = 1; };
/* End PBXFileReference section */

/* Begin PBXGroup section */
		B4F0432717E5C286006276B4 = {
			isa = PBXGroup;
			children = (
				B4F0434217E5C301006276B4 /* makefile */,
				B4F0433217E5C2D5006276B4 /* DataParser.cpp */,
				B4F0433317E5C2D5006276B4 /* DataParser.h */,
				B4F0433417E5C2D5006276B4 /* DataProducer.cpp */,
				B4F0433517E5C2D5006276B4 /* DataProducer.h */,
				B4F0433617E5C2D5006276B4 /* define.h */,
				B4F0433717E5C2D5006276B4 /* Delaunay.cpp */,
				B4F0433817E5C2D5006276B4 /* Delaunay.h */,
				B4F0433917E5C2D5006276B4 /* Face.cpp */,
				B4F0433A17E5C2D5006276B4 /* Face.h */,
				B4F0433B17E5C2D5006276B4 /* main.cpp */,
				B4F0433C17E5C2D5006276B4 /* Point.cpp */,
				B4F0433D17E5C2D5006276B4 /* Point.h */,
				B4F0433E17E5C2D5006276B4 /* Simplex.cpp */,
				B4F0433F17E5C2D5006276B4 /* Simplex.h */,
				B4F0434017E5C2D5006276B4 /* util.cpp */,
				B4F0434117E5C2D5006276B4 /* util.h */,
			);
			sourceTree = "<group>";
		};
/* End PBXGroup section */

/* Begin PBXLegacyTarget section */
		B4F0432C17E5C286006276B4 /* DelaunayVoronoi */ = {
			isa = PBXLegacyTarget;
			buildArgumentsString = "$(ACTION)";
			buildConfigurationList = B4F0432F17E5C286006276B4 /* Build configuration list for PBXLegacyTarget "DelaunayVoronoi" */;
			buildPhases = (
			);
			buildToolPath = /usr/bin/make;
			dependencies = (
			);
			name = DelaunayVoronoi;
			passBuildSettingsInEnvironment = 1;
			productName = DelaunayVoronoi;
		};
/* End PBXLegacyTarget section */

/* Begin PBXProject section */
		B4F0432817E5C286006276B4 /* Project object */ = {
			isa = PBXProject;
			attributes = {
				LastUpgradeCheck = 0460;
				ORGANIZATIONNAME = "Shenzhen Everytimes Technology Co., Ltd.";
			};
			buildConfigurationList = B4F0432B17E5C286006276B4 /* Build configuration list for PBXProject "DelaunayVoronoi" */;
			compatibilityVersion = "Xcode 3.2";
			developmentRegion = English;
			hasScannedForEncodings = 0;
			knownRegions = (
				en,
			);
			mainGroup = B4F0432717E5C286006276B4;
			projectDirPath = "";
			projectRoot = "";
			targets = (
				B4F0432C17E5C286006276B4 /* DelaunayVoronoi */,
			);
		};
/* End PBXProject section */

/* Begin XCBuildConfiguration section */
		B4F0432D17E5C286006276B4 /* Debug */ = {
			isa = XCBuildConfiguration;
			buildSettings = {
				ALWAYS_SEARCH_USER_PATHS = NO;
				ARCHS = "$(ARCHS_STANDARD_64_BIT)";
				CLANG_CXX_LANGUAGE_STANDARD = "gnu++0x";
				CLANG_CXX_LIBRARY = "libc++";
				CLANG_WARN_CONSTANT_CONVERSION = YES;
				CLANG_WARN_EMPTY_BODY = YES;
				CLANG_WARN_ENUM_CONVERSION = YES;
				CLANG_WARN_INT_CONVERSION = YES;
				CLANG_WARN__DUPLICATE_METHOD_MATCH = YES;
				COPY_PHASE_STRIP = NO;
				GCC_C_LANGUAGE_STANDARD = gnu99;
				GCC_DYNAMIC_NO_PIC = NO;
				GCC_ENABLE_OBJC_EXCEPTIONS = YES;
				GCC_OPTIMIZATION_LEVEL = 0;
				GCC_PREPROCESSOR_DEFINITIONS = (
					"DEBUG=1",
					"$(inherited)",
				);
				GCC_SYMBOLS_PRIVATE_EXTERN = NO;
				GCC_WARN_64_TO_32_BIT_CONVERSION = YES;
				GCC_WARN_ABOUT_RETURN_TYPE = YES;
				GCC_WARN_UNINITIALIZED_AUTOS = YES;
				GCC_WARN_UNUSED_VARIABLE = YES;
				MACOSX_DEPLOYMENT_TARGET = 10.8;
				ONLY_ACTIVE_ARCH = YES;
				SDKROOT = macosx;
			};
			name = Debug;
		};
		B4F0432E17E5C286006276B4 /* Release */ = {
			isa = XCBuildConfiguration;
			buildSettings = {
				ALWAYS_SEARCH_USER_PATHS = NO;
				ARCHS = "$(ARCHS_STANDARD_64_BIT)";
				CLANG_CXX_LANGUAGE_STANDARD = "gnu++0x";
				CLANG_CXX_LIBRARY = "libc++";
				CLANG_WARN_CONSTANT_CONVERSION = YES;
				CLANG_WARN_EMPTY_BODY = YES;
				CLANG_WARN_ENUM_CONVERSION = YES;
				CLANG_WARN_INT_CONVERSION = YES;
				CLANG_WARN__DUPLICATE_METHOD_MATCH = YES;
				COPY_PHASE_STRIP = YES;
				DEBUG_INFORMATION_FORMAT = "dwarf-with-dsym";
				GCC_C_LANGUAGE_STANDARD = gnu99;
				GCC_ENABLE_OBJC_EXCEPTIONS = YES;
				GCC_WARN_64_TO_32_BIT_CONVERSION = YES;
				GCC_WARN_ABOUT_RETURN_TYPE = YES;
				GCC_WARN_UNINITIALIZED_AUTOS = YES;
				GCC_WARN_UNUSED_VARIABLE = YES;
				MACOSX_DEPLOYMENT_TARGET = 10.8;
				SDKROOT = macosx;
			};
			name = Release;
		};
		B4F0433017E5C286006276B4 /* Debug */ = {
			isa = XCBuildConfiguration;
			buildSettings = {
				DEBUGGING_SYMBOLS = YES;
				GCC_GENERATE_DEBUGGING_SYMBOLS = YES;
				GCC_OPTIMIZATION_LEVEL = 0;
				OTHER_CFLAGS = "";
				OTHER_LDFLAGS = "";
				PRODUCT_NAME = "$(TARGET_NAME)";
			};
			name = Debug;
		};
		B4F0433117E5C286006276B4 /* Release */ = {
			isa = XCBuildConfiguration;
			buildSettings = {
				OTHER_CFLAGS = "";
				OTHER_LDFLAGS = "";
				PRODUCT_NAME = "$(TARGET_NAME)";
			};
			name = Release;
		};
/* End XCBuildConfiguration section */

/* Begin XCConfigurationList section */
		B4F0432B17E5C286006276B4 /* Build configuration list for PBXProject "DelaunayVoronoi" */ = {
			isa = XCConfigurationList;
			buildConfigurations = (
				B4F0432D17E5C286006276B4 /* Debug */,
				B4F0432E17E5C286006276B4 /* Release */,
			);
			defaultConfigurationIsVisible = 0;
			defaultConfigurationName = Release;
		};
		B4F0432F17E5C286006276B4 /* Build configuration list for PBXLegacyTarget "DelaunayVoronoi" */ = {
			isa = XCConfigurationList;
			buildConfigurations = (
				B4F0433017E5C286006276B4 /* Debug */,
				B4F0433117E5C286006276B4 /* Release */,
			);
			defaultConfigurationIsVisible = 0;
			defaultConfigurationName = Release;
		};
/* End XCConfigurationList section */
	};
	rootObject = B4F0432817E5C286006276B4 /* Project object */;
}
